# This file is automatically @generated by Cargo.
# It is not intended for manual editing.
version = 3

[[package]]
name = "voladdress"
version = "1.0.0"
source = "registry+https://github.com/rust-lang/crates.io-index"
checksum = "1f3d40392fcdd64a5ebe1fe948ac9c0c525972c72d15fcf8cf8e224122b3fa0b"

[[package]]
name = "zygravan"
version = "0.0.0"
dependencies = [
 "voladdress",
]
