# This file is automatically @generated by Cargo.
# It is not intended for manual editing.
version = 3

[[package]]
name = "bytemuck"
version = "1.7.2"
source = "registry+https://github.com/rust-lang/crates.io-index"
checksum = "72957246c41db82b8ef88a5486143830adeb8227ef9837740bdec67724cf2c5b"

[[package]]
name = "voladdress"
version = "1.0.2"
source = "registry+https://github.com/rust-lang/crates.io-index"
checksum = "2157d0419fef2c1108faed387c36bd7c8364e875965d8286aed94b4e8d068708"

[[package]]
name = "zygravan"
version = "0.0.0"
dependencies = [
 "bytemuck",
 "voladdress",
]
